{
    "name": "@tecdynamics/core",
    "version": "1.0.0",
    "lockfileVersion": 2,
    "requires": true,
    "packages": {
        "": {
            "name": "@tecdynamics/core",
            "version": "1.0.0",
            "devDependencies": {
                "@tabler/core": "github:tabler/tabler#dev",
                "autosize": "^6.0.1",
                "nprogress": "^0.2.0",
                "rtlcss": "^4.1.1"
            }
        },
        "node_modules/@popperjs/core": {
            "version": "2.11.8",
            "resolved": "https://registry.npmjs.org/@popperjs/core/-/core-2.11.8.tgz",
            "integrity": "sha512-P1st0aksCrn9sGZhp8GMYwBnQsbvAWsZAX44oXNNvLHGqAOcoVxmjZiohstwQ7SqKnbR47akdNi+uleWD8+g6A==",
            "dev": true,
            "funding": {
                "type": "opencollective",
                "url": "https://opencollective.com/popperjs"
            }
        },
        "node_modules/@tabler/core": {
            "version": "1.0.0-beta20",
            "resolved": "git+ssh://git@github.com/tabler/tabler.git#682eaa88a8c4df1b3a503d8f4090a425a418d6aa",
            "dev": true,
            "license": "MIT",
            "dependencies": {
                "@popperjs/core": "^2.11.8",
                "@tabler/icons": "^2.45.0",
                "bootstrap": "5.3.2"
            },
            "engines": {
                "node": ">=18"
            },
            "funding": {
                "type": "github",
                "url": "https://github.com/sponsors/codecalm"
            },
            "peerDependencies": {
                "@melloware/coloris": "^0.19.1",
                "apexcharts": "^3.40.0",
                "autosize": "^6.0.1",
                "choices.js": "^10.2.0",
                "countup.js": "^2.6.2",
                "dropzone": "^6.0.0-beta.2",
                "flatpickr": "^4.6.13",
                "fslightbox": "^3.4.1",
                "imask": "^6.6.1",
                "jsvectormap": "^1.5.3",
                "list.js": "^2.3.1",
                "litepicker": "^2.0.12",
                "nouislider": "^15.7.0",
                "plyr": "^3.7.8",
                "star-rating.js": "^4.3.0",
                "tinymce": "^6.4.2",
                "tom-select": "^2.2.2"
            },
            "peerDependenciesMeta": {
                "@melloware/coloris": {
                    "optional": true
                },
                "apexcharts": {
                    "optional": true
                },
                "autosize": {
                    "optional": true
                },
                "choices.js": {
                    "optional": true
                },
                "countup.js": {
                    "optional": true
                },
                "dropzone": {
                    "optional": true
                },
                "flatpickr": {
                    "optional": true
                },
                "fslightbox": {
                    "optional": true
                },
                "imask": {
                    "optional": true
                },
                "jsvectormap": {
                    "optional": true
                },
                "list.js": {
                    "optional": true
                },
                "litepicker": {
                    "optional": true
                },
                "nouislider": {
                    "optional": true
                },
                "plyr": {
                    "optional": true
                },
                "star-rating.js": {
                    "optional": true
                },
                "tinymce": {
                    "optional": true
                },
                "tom-select": {
                    "optional": true
                }
            }
        },
        "node_modules/@tabler/icons": {
            "version": "2.47.0",
            "resolved": "https://registry.npmjs.org/@tabler/icons/-/icons-2.47.0.tgz",
            "integrity": "sha512-4w5evLh+7FUUiA1GucvGj2ReX2TvOjEr4ejXdwL/bsjoSkof6r1gQmzqI+VHrE2CpJpB3al7bCTulOkFa/RcyA==",
            "dev": true,
            "funding": {
                "type": "github",
                "url": "https://github.com/sponsors/codecalm"
            }
        },
        "node_modules/autosize": {
            "version": "6.0.1",
            "resolved": "https://registry.npmjs.org/autosize/-/autosize-6.0.1.tgz",
            "integrity": "sha512-f86EjiUKE6Xvczc4ioP1JBlWG7FKrE13qe/DxBCpe8GCipCq2nFw73aO8QEBKHfSbYGDN5eB9jXWKen7tspDqQ==",
            "dev": true
        },
        "node_modules/bootstrap": {
            "version": "5.3.2",
            "resolved": "https://registry.npmjs.org/bootstrap/-/bootstrap-5.3.2.tgz",
            "integrity": "sha512-D32nmNWiQHo94BKHLmOrdjlL05q1c8oxbtBphQFb9Z5to6eGRDCm0QgeaZ4zFBHzfg2++rqa2JkqCcxDy0sH0g==",
            "dev": true,
            "funding": [
                {
                    "type": "github",
                    "url": "https://github.com/sponsors/twbs"
                },
                {
                    "type": "opencollective",
                    "url": "https://opencollective.com/bootstrap"
                }
            ],
            "peerDependencies": {
                "@popperjs/core": "^2.11.8"
            }
        },
        "node_modules/escalade": {
            "version": "3.1.2",
            "resolved": "https://registry.npmjs.org/escalade/-/escalade-3.1.2.tgz",
            "integrity": "sha512-ErCHMCae19vR8vQGe50xIsVomy19rg6gFu3+r3jkEO46suLMWBksvVyoGgQV+jOfl84ZSOSlmv6Gxa89PmTGmA==",
            "dev": true,
            "engines": {
                "node": ">=6"
            }
        },
        "node_modules/nanoid": {
            "version": "3.3.7",
            "resolved": "https://registry.npmjs.org/nanoid/-/nanoid-3.3.7.tgz",
            "integrity": "sha512-eSRppjcPIatRIMC1U6UngP8XFcz8MQWGQdt1MTBQ7NaAmvXDfvNxbvWV3x2y6CdEUciCSsDHDQZbhYaB8QEo2g==",
            "dev": true,
            "funding": [
                {
                    "type": "github",
                    "url": "https://github.com/sponsors/ai"
                }
            ],
            "bin": {
                "nanoid": "bin/nanoid.cjs"
            },
            "engines": {
                "node": "^10 || ^12 || ^13.7 || ^14 || >=15.0.1"
            }
        },
        "node_modules/nprogress": {
            "version": "0.2.0",
            "resolved": "https://registry.npmjs.org/nprogress/-/nprogress-0.2.0.tgz",
            "integrity": "sha512-I19aIingLgR1fmhftnbWWO3dXc0hSxqHQHQb3H8m+K3TnEn/iSeTZZOyvKXWqQESMwuUVnatlCnZdLBZZt2VSA==",
            "dev": true
        },
        "node_modules/picocolors": {
            "version": "1.0.0",
            "resolved": "https://registry.npmjs.org/picocolors/-/picocolors-1.0.0.tgz",
            "integrity": "sha512-1fygroTLlHu66zi26VoTDv8yRgm0Fccecssto+MhsZ0D/DGW2sm8E8AjW7NU5VVTRt5GxbeZ5qBuJr+HyLYkjQ==",
            "dev": true
        },
        "node_modules/postcss": {
            "version": "8.4.38",
            "resolved": "https://registry.npmjs.org/postcss/-/postcss-8.4.38.tgz",
            "integrity": "sha512-Wglpdk03BSfXkHoQa3b/oulrotAkwrlLDRSOb9D0bN86FdRyE9lppSp33aHNPgBa0JKCoB+drFLZkQoRRYae5A==",
            "dev": true,
            "funding": [
                {
                    "type": "opencollective",
                    "url": "https://opencollective.com/postcss/"
                },
                {
                    "type": "tidelift",
                    "url": "https://tidelift.com/funding/github/npm/postcss"
                },
                {
                    "type": "github",
                    "url": "https://github.com/sponsors/ai"
                }
            ],
            "dependencies": {
                "nanoid": "^3.3.7",
                "picocolors": "^1.0.0",
                "source-map-js": "^1.2.0"
            },
            "engines": {
                "node": "^10 || ^12 || >=14"
            }
        },
        "node_modules/rtlcss": {
            "version": "4.1.1",
            "resolved": "https://registry.npmjs.org/rtlcss/-/rtlcss-4.1.1.tgz",
            "integrity": "sha512-/oVHgBtnPNcggP2aVXQjSy6N1mMAfHg4GSag0QtZBlD5bdDgAHwr4pydqJGd+SUCu9260+Pjqbjwtvu7EMH1KQ==",
            "dev": true,
            "dependencies": {
                "escalade": "^3.1.1",
                "picocolors": "^1.0.0",
                "postcss": "^8.4.21",
                "strip-json-comments": "^3.1.1"
            },
            "bin": {
                "rtlcss": "bin/rtlcss.js"
            },
            "engines": {
                "node": ">=12.0.0"
            }
        },
        "node_modules/source-map-js": {
            "version": "1.2.0",
            "resolved": "https://registry.npmjs.org/source-map-js/-/source-map-js-1.2.0.tgz",
            "integrity": "sha512-itJW8lvSA0TXEphiRoawsCksnlf8SyvmFzIhltqAHluXd88pkCd+cXJVHTDwdCr0IzwptSm035IHQktUu1QUMg==",
            "dev": true,
            "engines": {
                "node": ">=0.10.0"
            }
        },
        "node_modules/strip-json-comments": {
            "version": "3.1.1",
            "resolved": "https://registry.npmjs.org/strip-json-comments/-/strip-json-comments-3.1.1.tgz",
            "integrity": "sha512-6fPc+R4ihwqP6N/aIv2f1gMH8lOVtWQHoqC4yK6oSDVVocumAsfCqjkXnqiYMhmMwS/mEHLp7Vehlt3ql6lEig==",
            "dev": true,
            "engines": {
                "node": ">=8"
            },
            "funding": {
                "url": "https://github.com/sponsors/sindresorhus"
            }
        }
    },
    "dependencies": {
        "@popperjs/core": {
            "version": "2.11.8",
            "resolved": "https://registry.npmjs.org/@popperjs/core/-/core-2.11.8.tgz",
            "integrity": "sha512-P1st0aksCrn9sGZhp8GMYwBnQsbvAWsZAX44oXNNvLHGqAOcoVxmjZiohstwQ7SqKnbR47akdNi+uleWD8+g6A==",
            "dev": true
        },
        "@tabler/core": {
            "version": "git+ssh://git@github.com/tabler/tabler.git#682eaa88a8c4df1b3a503d8f4090a425a418d6aa",
            "dev": true,
            "from": "@tabler/core@github:tabler/tabler#dev",
            "requires": {
                "@popperjs/core": "^2.11.8",
                "@tabler/icons": "^2.45.0",
                "bootstrap": "5.3.2"
            }
        },
        "@tabler/icons": {
            "version": "2.47.0",
            "resolved": "https://registry.npmjs.org/@tabler/icons/-/icons-2.47.0.tgz",
            "integrity": "sha512-4w5evLh+7FUUiA1GucvGj2ReX2TvOjEr4ejXdwL/bsjoSkof6r1gQmzqI+VHrE2CpJpB3al7bCTulOkFa/RcyA==",
            "dev": true
        },
        "autosize": {
            "version": "6.0.1",
            "resolved": "https://registry.npmjs.org/autosize/-/autosize-6.0.1.tgz",
            "integrity": "sha512-f86EjiUKE6Xvczc4ioP1JBlWG7FKrE13qe/DxBCpe8GCipCq2nFw73aO8QEBKHfSbYGDN5eB9jXWKen7tspDqQ==",
            "dev": true
        },
        "bootstrap": {
            "version": "5.3.2",
            "resolved": "https://registry.npmjs.org/bootstrap/-/bootstrap-5.3.2.tgz",
            "integrity": "sha512-D32nmNWiQHo94BKHLmOrdjlL05q1c8oxbtBphQFb9Z5to6eGRDCm0QgeaZ4zFBHzfg2++rqa2JkqCcxDy0sH0g==",
            "dev": true
        },
        "escalade": {
            "version": "3.1.2",
            "resolved": "https://registry.npmjs.org/escalade/-/escalade-3.1.2.tgz",
            "integrity": "sha512-ErCHMCae19vR8vQGe50xIsVomy19rg6gFu3+r3jkEO46suLMWBksvVyoGgQV+jOfl84ZSOSlmv6Gxa89PmTGmA==",
            "dev": true
        },
        "nanoid": {
            "version": "3.3.7",
            "resolved": "https://registry.npmjs.org/nanoid/-/nanoid-3.3.7.tgz",
            "integrity": "sha512-eSRppjcPIatRIMC1U6UngP8XFcz8MQWGQdt1MTBQ7NaAmvXDfvNxbvWV3x2y6CdEUciCSsDHDQZbhYaB8QEo2g==",
            "dev": true
        },
        "nprogress": {
            "version": "0.2.0",
            "resolved": "https://registry.npmjs.org/nprogress/-/nprogress-0.2.0.tgz",
            "integrity": "sha512-I19aIingLgR1fmhftnbWWO3dXc0hSxqHQHQb3H8m+K3TnEn/iSeTZZOyvKXWqQESMwuUVnatlCnZdLBZZt2VSA==",
            "dev": true
        },
        "picocolors": {
            "version": "1.0.0",
            "resolved": "https://registry.npmjs.org/picocolors/-/picocolors-1.0.0.tgz",
            "integrity": "sha512-1fygroTLlHu66zi26VoTDv8yRgm0Fccecssto+MhsZ0D/DGW2sm8E8AjW7NU5VVTRt5GxbeZ5qBuJr+HyLYkjQ==",
            "dev": true
        },
        "postcss": {
            "version": "8.4.38",
            "resolved": "https://registry.npmjs.org/postcss/-/postcss-8.4.38.tgz",
            "integrity": "sha512-Wglpdk03BSfXkHoQa3b/oulrotAkwrlLDRSOb9D0bN86FdRyE9lppSp33aHNPgBa0JKCoB+drFLZkQoRRYae5A==",
            "dev": true,
            "requires": {
                "nanoid": "^3.3.7",
                "picocolors": "^1.0.0",
                "source-map-js": "^1.2.0"
            }
        },
        "rtlcss": {
            "version": "4.1.1",
            "resolved": "https://registry.npmjs.org/rtlcss/-/rtlcss-4.1.1.tgz",
            "integrity": "sha512-/oVHgBtnPNcggP2aVXQjSy6N1mMAfHg4GSag0QtZBlD5bdDgAHwr4pydqJGd+SUCu9260+Pjqbjwtvu7EMH1KQ==",
            "dev": true,
            "requires": {
                "escalade": "^3.1.1",
                "picocolors": "^1.0.0",
                "postcss": "^8.4.21",
                "strip-json-comments": "^3.1.1"
            }
        },
        "source-map-js": {
            "version": "1.2.0",
            "resolved": "https://registry.npmjs.org/source-map-js/-/source-map-js-1.2.0.tgz",
            "integrity": "sha512-itJW8lvSA0TXEphiRoawsCksnlf8SyvmFzIhltqAHluXd88pkCd+cXJVHTDwdCr0IzwptSm035IHQktUu1QUMg==",
            "dev": true
        },
        "strip-json-comments": {
            "version": "3.1.1",
            "resolved": "https://registry.npmjs.org/strip-json-comments/-/strip-json-comments-3.1.1.tgz",
            "integrity": "sha512-6fPc+R4ihwqP6N/aIv2f1gMH8lOVtWQHoqC4yK6oSDVVocumAsfCqjkXnqiYMhmMwS/mEHLp7Vehlt3ql6lEig==",
            "dev": true
        }
    }
}
